
Microsoft Visual Studio Solution File, Format Version 12.00
# Visual Studio 15
VisualStudioVersion = 15.0.28307.572
MinimumVisualStudioVersion = 10.0.40219.1
Project("{FAE04EC0-301F-11D3-BF4B-00C04F79EFBC}") = "D04_Layout", "D04_Layout\D04_Layout.csproj", "{1FAFFFFD-ACBB-4945-BCE6-E4EAA5EB7777}"
EndProject
Global
	GlobalSection(SolutionConfigurationPlatforms) = preSolution
		Debug|Any CPU = Debug|Any CPU
		Release|Any CPU = Release|Any CPU
	EndGlobalSection
	GlobalSection(ProjectConfigurationPlatforms) = postSolution
		{1FAFFFFD-ACBB-4945-BCE6-E4EAA5EB7777}.Debug|Any CPU.ActiveCfg = Debug|Any CPU
		{1FAFFFFD-ACBB-4945-BCE6-E4EAA5EB7777}.Debug|Any CPU.Build.0 = Debug|Any CPU
		{1FAFFFFD-ACBB-4945-BCE6-E4EAA5EB7777}.Release|Any CPU.ActiveCfg = Release|Any CPU
		{1FAFFFFD-ACBB-4945-BCE6-E4EAA5EB7777}.Release|Any CPU.Build.0 = Release|Any CPU
	EndGlobalSection
	GlobalSection(SolutionProperties) = preSolution
		HideSolutionNode = FALSE
	EndGlobalSection
	GlobalSection(ExtensibilityGlobals) = postSolution
		SolutionGuid = {E558A340-A16C-4B05-82F7-B4C6D153A596}
	EndGlobalSection
EndGlobal
