
Microsoft Visual Studio Solution File, Format Version 12.00
# Visual Studio 15
VisualStudioVersion = 15.0.28307.645
MinimumVisualStudioVersion = 10.0.40219.1
Project("{FAE04EC0-301F-11D3-BF4B-00C04F79EFBC}") = "D22_Authen_Author", "D22_Authen_Author\D22_Authen_Author.csproj", "{CBABFC9F-725F-4551-BA8B-4B073A59C4AB}"
EndProject
Global
	GlobalSection(SolutionConfigurationPlatforms) = preSolution
		Debug|Any CPU = Debug|Any CPU
		Release|Any CPU = Release|Any CPU
	EndGlobalSection
	GlobalSection(ProjectConfigurationPlatforms) = postSolution
		{CBABFC9F-725F-4551-BA8B-4B073A59C4AB}.Debug|Any CPU.ActiveCfg = Debug|Any CPU
		{CBABFC9F-725F-4551-BA8B-4B073A59C4AB}.Debug|Any CPU.Build.0 = Debug|Any CPU
		{CBABFC9F-725F-4551-BA8B-4B073A59C4AB}.Release|Any CPU.ActiveCfg = Release|Any CPU
		{CBABFC9F-725F-4551-BA8B-4B073A59C4AB}.Release|Any CPU.Build.0 = Release|Any CPU
	EndGlobalSection
	GlobalSection(SolutionProperties) = preSolution
		HideSolutionNode = FALSE
	EndGlobalSection
	GlobalSection(ExtensibilityGlobals) = postSolution
		SolutionGuid = {FD85EA3B-83EC-4F1C-8C92-E11B6A559A93}
	EndGlobalSection
EndGlobal
