
Microsoft Visual Studio Solution File, Format Version 12.00
# Visual Studio 15
VisualStudioVersion = 15.0.28307.645
MinimumVisualStudioVersion = 10.0.40219.1
Project("{FAE04EC0-301F-11D3-BF4B-00C04F79EFBC}") = "D14_EFCore_CodeFirst", "D14_EFCore_CodeFirst\D14_EFCore_CodeFirst.csproj", "{FB48251B-F5AD-41A3-911A-95008FE47129}"
EndProject
Project("{FAE04EC0-301F-11D3-BF4B-00C04F79EFBC}") = "D14_EFCore_DBFirst", "D14_EFCore_DBFirst\D14_EFCore_DBFirst.csproj", "{14E6D5DA-D907-44FD-AF6D-AEC74BDDBD19}"
EndProject
Global
	GlobalSection(SolutionConfigurationPlatforms) = preSolution
		Debug|Any CPU = Debug|Any CPU
		Release|Any CPU = Release|Any CPU
	EndGlobalSection
	GlobalSection(ProjectConfigurationPlatforms) = postSolution
		{FB48251B-F5AD-41A3-911A-95008FE47129}.Debug|Any CPU.ActiveCfg = Debug|Any CPU
		{FB48251B-F5AD-41A3-911A-95008FE47129}.Debug|Any CPU.Build.0 = Debug|Any CPU
		{FB48251B-F5AD-41A3-911A-95008FE47129}.Release|Any CPU.ActiveCfg = Release|Any CPU
		{FB48251B-F5AD-41A3-911A-95008FE47129}.Release|Any CPU.Build.0 = Release|Any CPU
		{14E6D5DA-D907-44FD-AF6D-AEC74BDDBD19}.Debug|Any CPU.ActiveCfg = Debug|Any CPU
		{14E6D5DA-D907-44FD-AF6D-AEC74BDDBD19}.Debug|Any CPU.Build.0 = Debug|Any CPU
		{14E6D5DA-D907-44FD-AF6D-AEC74BDDBD19}.Release|Any CPU.ActiveCfg = Release|Any CPU
		{14E6D5DA-D907-44FD-AF6D-AEC74BDDBD19}.Release|Any CPU.Build.0 = Release|Any CPU
	EndGlobalSection
	GlobalSection(SolutionProperties) = preSolution
		HideSolutionNode = FALSE
	EndGlobalSection
	GlobalSection(ExtensibilityGlobals) = postSolution
		SolutionGuid = {79909551-593F-4DB6-B8E2-ACEFF83346B1}
	EndGlobalSection
EndGlobal
