
Microsoft Visual Studio Solution File, Format Version 12.00
# Visual Studio 15
VisualStudioVersion = 15.0.28306.52
MinimumVisualStudioVersion = 10.0.40219.1
Project("{FAE04EC0-301F-11D3-BF4B-00C04F79EFBC}") = "D01_Intro", "D01_Intro\D01_Intro.csproj", "{02351362-00EF-4854-BAF5-52D21F760E07}"
EndProject
Global
	GlobalSection(SolutionConfigurationPlatforms) = preSolution
		Debug|Any CPU = Debug|Any CPU
		Release|Any CPU = Release|Any CPU
	EndGlobalSection
	GlobalSection(ProjectConfigurationPlatforms) = postSolution
		{02351362-00EF-4854-BAF5-52D21F760E07}.Debug|Any CPU.ActiveCfg = Debug|Any CPU
		{02351362-00EF-4854-BAF5-52D21F760E07}.Debug|Any CPU.Build.0 = Debug|Any CPU
		{02351362-00EF-4854-BAF5-52D21F760E07}.Release|Any CPU.ActiveCfg = Release|Any CPU
		{02351362-00EF-4854-BAF5-52D21F760E07}.Release|Any CPU.Build.0 = Release|Any CPU
	EndGlobalSection
	GlobalSection(SolutionProperties) = preSolution
		HideSolutionNode = FALSE
	EndGlobalSection
	GlobalSection(ExtensibilityGlobals) = postSolution
		SolutionGuid = {66A51995-68BD-4EF1-923A-518F90C62E71}
	EndGlobalSection
EndGlobal
