
Microsoft Visual Studio Solution File, Format Version 12.00
# Visual Studio 15
VisualStudioVersion = 15.0.28307.645
MinimumVisualStudioVersion = 10.0.40219.1
Project("{FAE04EC0-301F-11D3-BF4B-00C04F79EFBC}") = "D10_Layout", "D10_Layout\D10_Layout.csproj", "{9528CEA0-58F2-4D5F-AA5B-7CA526E60DCE}"
EndProject
Global
	GlobalSection(SolutionConfigurationPlatforms) = preSolution
		Debug|Any CPU = Debug|Any CPU
		Release|Any CPU = Release|Any CPU
	EndGlobalSection
	GlobalSection(ProjectConfigurationPlatforms) = postSolution
		{9528CEA0-58F2-4D5F-AA5B-7CA526E60DCE}.Debug|Any CPU.ActiveCfg = Debug|Any CPU
		{9528CEA0-58F2-4D5F-AA5B-7CA526E60DCE}.Debug|Any CPU.Build.0 = Debug|Any CPU
		{9528CEA0-58F2-4D5F-AA5B-7CA526E60DCE}.Release|Any CPU.ActiveCfg = Release|Any CPU
		{9528CEA0-58F2-4D5F-AA5B-7CA526E60DCE}.Release|Any CPU.Build.0 = Release|Any CPU
	EndGlobalSection
	GlobalSection(SolutionProperties) = preSolution
		HideSolutionNode = FALSE
	EndGlobalSection
	GlobalSection(ExtensibilityGlobals) = postSolution
		SolutionGuid = {8D5B76C5-C3C2-4D3D-925F-A72D2DA4CDA2}
	EndGlobalSection
EndGlobal
